
Microsoft Visual Studio Solution File, Format Version 12.00
# Visual Studio 15
VisualStudioVersion = 15.0.28010.2046
MinimumVisualStudioVersion = 10.0.40219.1
Project("{FAE04EC0-301F-11D3-BF4B-00C04F79EFBC}") = "Exercise1", "Exercise1\Exercise1.csproj", "{91ABD947-78BD-4B57-9998-43339B089F5B}"
EndProject
Global
	GlobalSection(SolutionConfigurationPlatforms) = preSolution
		Debug|Any CPU = Debug|Any CPU
		Release|Any CPU = Release|Any CPU
	EndGlobalSection
	GlobalSection(ProjectConfigurationPlatforms) = postSolution
		{91ABD947-78BD-4B57-9998-43339B089F5B}.Debug|Any CPU.ActiveCfg = Debug|Any CPU
		{91ABD947-78BD-4B57-9998-43339B089F5B}.Debug|Any CPU.Build.0 = Debug|Any CPU
		{91ABD947-78BD-4B57-9998-43339B089F5B}.Release|Any CPU.ActiveCfg = Release|Any CPU
		{91ABD947-78BD-4B57-9998-43339B089F5B}.Release|Any CPU.Build.0 = Release|Any CPU
	EndGlobalSection
	GlobalSection(SolutionProperties) = preSolution
		HideSolutionNode = FALSE
	EndGlobalSection
	GlobalSection(ExtensibilityGlobals) = postSolution
		SolutionGuid = {F67DA8F6-D29C-4EF8-A804-DD6309E3DE1F}
	EndGlobalSection
EndGlobal
